lockfileVersion: 5.4

specifiers:
  '@tsconfig/node18': latest
  '@types/node': latest
  dotenv: ^16.0.1
  node-cron: ^3.0.1
  node-dht-sensor: ^0.4.3
  node-fetch: ^2.6.7

dependencies:
  dotenv: 16.0.1
  node-cron: 3.0.1
  node-dht-sensor: 0.4.3
  node-fetch: 2.6.7

devDependencies:
  '@tsconfig/node18': 1.0.1
  '@types/node': 18.0.0

packages:

  /@tsconfig/node18/1.0.1:
    resolution: {integrity: sha512-sNFeK6X2ATlhlvzyH4kKYQlfHXE2f2/wxtB9ClvYXevWpmwkUT7VaSrjIN9E76Qebz8qP5JOJJ9jD3QoD/Z9TA==}
    dev: true

  /@types/node/18.0.0:
    resolution: {integrity: sha512-cHlGmko4gWLVI27cGJntjs/Sj8th9aYwplmZFwmmgYQQvL5NUsgVJG7OddLvNfLqYS31KFN0s3qlaD9qCaxACA==}
    dev: true

  /dotenv/16.0.1:
    resolution: {integrity: sha512-1K6hR6wtk2FviQ4kEiSjFiH5rpzEVi8WW0x96aztHVMhEspNpc4DVOUTEHtEva5VThQ8IaBX1Pe4gSzpVVUsKQ==}
    engines: {node: '>=12'}
    dev: false

  /node-addon-api/1.7.2:
    resolution: {integrity: sha512-ibPK3iA+vaY1eEjESkQkM0BbCqFOaZMiXRTtdB0u7b4djtY6JnsjvPdUHVMg6xQt3B8fpTTWHI9A+ADjM9frzg==}
    dev: false

  /node-cron/3.0.1:
    resolution: {integrity: sha512-RAWZTNn2M5KDIUV/389UX0EXsqvdFAwc9QwHQceh0Ga56dygqSRthqIjwpgZsoDspHGt2rkHdk9Z4RgfPMdALw==}
    engines: {node: '>=6.0.0'}
    dev: false

  /node-dht-sensor/0.4.3:
    resolution: {integrity: sha512-DMJO6UjWiDF3WP0qAgzPXDAAMAT0VVedFbtCUU/jynIRPO2Sa+2zwA3d7ySriha87Tccd4e+kiJoOxSc9BkSKw==}
    requiresBuild: true
    dependencies:
      node-addon-api: 1.7.2
    dev: false

  /node-fetch/2.6.7:
    resolution: {integrity: sha512-ZjMPFEfVx5j+y2yF35Kzx5sF7kDzxuDj6ziH4FFbOp87zKDZNx8yExJIb05OGF4Nlt9IHFIMBkRl41VdvcNdbQ==}
    engines: {node: 4.x || >=6.0.0}
    peerDependencies:
      encoding: ^0.1.0
    peerDependenciesMeta:
      encoding:
        optional: true
    dependencies:
      whatwg-url: 5.0.0
    dev: false

  /tr46/0.0.3:
    resolution: {integrity: sha1-gYT9NH2snNwYWZLzpmIuFLnZq2o=}
    dev: false

  /webidl-conversions/3.0.1:
    resolution: {integrity: sha1-JFNCdeKnvGvnvIZhHMFq4KVlSHE=}
    dev: false

  /whatwg-url/5.0.0:
    resolution: {integrity: sha1-lmRU6HZUYuN2RNNib2dCzotwll0=}
    dependencies:
      tr46: 0.0.3
      webidl-conversions: 3.0.1
    dev: false
